
Microsoft Visual Studio Solution File, Format Version 12.00
# Visual Studio Version 17
VisualStudioVersion = 17.3.32819.101
MinimumVisualStudioVersion = 10.0.40219.1
Project("{FAE04EC0-301F-11D3-BF4B-00C04F79EFBC}") = "BackAgain", "BackAgain\BackAgain.csproj", "{247C027D-032B-4DD6-883D-153B1C981F37}"
EndProject
Global
	GlobalSection(SolutionConfigurationPlatforms) = preSolution
		Debug|Any CPU = Debug|Any CPU
		Release|Any CPU = Release|Any CPU
	EndGlobalSection
	GlobalSection(ProjectConfigurationPlatforms) = postSolution
		{247C027D-032B-4DD6-883D-153B1C981F37}.Debug|Any CPU.ActiveCfg = Debug|Any CPU
		{247C027D-032B-4DD6-883D-153B1C981F37}.Debug|Any CPU.Build.0 = Debug|Any CPU
		{247C027D-032B-4DD6-883D-153B1C981F37}.Release|Any CPU.ActiveCfg = Release|Any CPU
		{247C027D-032B-4DD6-883D-153B1C981F37}.Release|Any CPU.Build.0 = Release|Any CPU
	EndGlobalSection
	GlobalSection(SolutionProperties) = preSolution
		HideSolutionNode = FALSE
	EndGlobalSection
	GlobalSection(ExtensibilityGlobals) = postSolution
		SolutionGuid = {5C5DB0CA-1AB5-4277-A337-269F577ADCDE}
	EndGlobalSection
EndGlobal
